
Microsoft Visual Studio Solution File, Format Version 12.00
# Visual Studio 15
VisualStudioVersion = 15.0.27130.2010
MinimumVisualStudioVersion = 10.0.40219.1
Project("{FAE04EC0-301F-11D3-BF4B-00C04F79EFBC}") = "A1MajidToorani", "A1MajidToorani\A1MajidToorani.csproj", "{4455B206-6568-474D-83C9-51CA9C7F6862}"
EndProject
Global
	GlobalSection(SolutionConfigurationPlatforms) = preSolution
		Debug|Any CPU = Debug|Any CPU
		Release|Any CPU = Release|Any CPU
	EndGlobalSection
	GlobalSection(ProjectConfigurationPlatforms) = postSolution
		{4455B206-6568-474D-83C9-51CA9C7F6862}.Debug|Any CPU.ActiveCfg = Debug|Any CPU
		{4455B206-6568-474D-83C9-51CA9C7F6862}.Debug|Any CPU.Build.0 = Debug|Any CPU
		{4455B206-6568-474D-83C9-51CA9C7F6862}.Release|Any CPU.ActiveCfg = Release|Any CPU
		{4455B206-6568-474D-83C9-51CA9C7F6862}.Release|Any CPU.Build.0 = Release|Any CPU
	EndGlobalSection
	GlobalSection(SolutionProperties) = preSolution
		HideSolutionNode = FALSE
	EndGlobalSection
	GlobalSection(ExtensibilityGlobals) = postSolution
		SolutionGuid = {A8950938-1F68-4B96-AA00-43B63D9958F9}
	EndGlobalSection
EndGlobal
